
Microsoft Visual Studio Solution File, Format Version 12.00
# Visual Studio 15
VisualStudioVersion = 15.0.28307.572
MinimumVisualStudioVersion = 10.0.40219.1
Project("{8BC9CEB8-8B4A-11D0-8D11-00A0C91BC942}") = "EasyWinNotification", "EasyWinNotification\EasyWinNotification.vcxproj", "{4F8499CD-F9EB-48AC-88F8-5E3462B2E401}"
EndProject
Project("{8BC9CEB8-8B4A-11D0-8D11-00A0C91BC942}") = "CPPExample", "CPPExample\CPPExample.vcxproj", "{98CCFDBA-AD19-4CCE-B629-66AA63F6737A}"
EndProject
Project("{8BC9CEB8-8B4A-11D0-8D11-00A0C91BC942}") = "CExample", "CExample\CExample.vcxproj", "{CDA9462C-2E67-4AB4-8E81-81D440B59537}"
EndProject
Project("{FAE04EC0-301F-11D3-BF4B-00C04F79EFBC}") = "CSExample", "CSExample\CSExample.csproj", "{7C7B3362-29B0-47BF-BB9C-488206EF70E0}"
EndProject
Global
	GlobalSection(SolutionConfigurationPlatforms) = preSolution
		Debug|Any CPU = Debug|Any CPU
		Debug|x64 = Debug|x64
		Debug|x86 = Debug|x86
		Release|Any CPU = Release|Any CPU
		Release|x64 = Release|x64
		Release|x86 = Release|x86
	EndGlobalSection
	GlobalSection(ProjectConfigurationPlatforms) = postSolution
		{4F8499CD-F9EB-48AC-88F8-5E3462B2E401}.Debug|Any CPU.ActiveCfg = Debug|Win32
		{4F8499CD-F9EB-48AC-88F8-5E3462B2E401}.Debug|x64.ActiveCfg = Debug|x64
		{4F8499CD-F9EB-48AC-88F8-5E3462B2E401}.Debug|x64.Build.0 = Debug|x64
		{4F8499CD-F9EB-48AC-88F8-5E3462B2E401}.Debug|x86.ActiveCfg = Debug|Win32
		{4F8499CD-F9EB-48AC-88F8-5E3462B2E401}.Debug|x86.Build.0 = Debug|Win32
		{4F8499CD-F9EB-48AC-88F8-5E3462B2E401}.Release|Any CPU.ActiveCfg = Release|Win32
		{4F8499CD-F9EB-48AC-88F8-5E3462B2E401}.Release|x64.ActiveCfg = Release|x64
		{4F8499CD-F9EB-48AC-88F8-5E3462B2E401}.Release|x64.Build.0 = Release|x64
		{4F8499CD-F9EB-48AC-88F8-5E3462B2E401}.Release|x86.ActiveCfg = Release|Win32
		{4F8499CD-F9EB-48AC-88F8-5E3462B2E401}.Release|x86.Build.0 = Release|Win32
		{98CCFDBA-AD19-4CCE-B629-66AA63F6737A}.Debug|Any CPU.ActiveCfg = Debug|Win32
		{98CCFDBA-AD19-4CCE-B629-66AA63F6737A}.Debug|x64.ActiveCfg = Debug|x64
		{98CCFDBA-AD19-4CCE-B629-66AA63F6737A}.Debug|x64.Build.0 = Debug|x64
		{98CCFDBA-AD19-4CCE-B629-66AA63F6737A}.Debug|x86.ActiveCfg = Debug|Win32
		{98CCFDBA-AD19-4CCE-B629-66AA63F6737A}.Debug|x86.Build.0 = Debug|Win32
		{98CCFDBA-AD19-4CCE-B629-66AA63F6737A}.Release|Any CPU.ActiveCfg = Release|Win32
		{98CCFDBA-AD19-4CCE-B629-66AA63F6737A}.Release|x64.ActiveCfg = Release|x64
		{98CCFDBA-AD19-4CCE-B629-66AA63F6737A}.Release|x64.Build.0 = Release|x64
		{98CCFDBA-AD19-4CCE-B629-66AA63F6737A}.Release|x86.ActiveCfg = Release|Win32
		{98CCFDBA-AD19-4CCE-B629-66AA63F6737A}.Release|x86.Build.0 = Release|Win32
		{CDA9462C-2E67-4AB4-8E81-81D440B59537}.Debug|Any CPU.ActiveCfg = Debug|Win32
		{CDA9462C-2E67-4AB4-8E81-81D440B59537}.Debug|x64.ActiveCfg = Debug|x64
		{CDA9462C-2E67-4AB4-8E81-81D440B59537}.Debug|x64.Build.0 = Debug|x64
		{CDA9462C-2E67-4AB4-8E81-81D440B59537}.Debug|x86.ActiveCfg = Debug|Win32
		{CDA9462C-2E67-4AB4-8E81-81D440B59537}.Debug|x86.Build.0 = Debug|Win32
		{CDA9462C-2E67-4AB4-8E81-81D440B59537}.Release|Any CPU.ActiveCfg = Release|Win32
		{CDA9462C-2E67-4AB4-8E81-81D440B59537}.Release|x64.ActiveCfg = Release|x64
		{CDA9462C-2E67-4AB4-8E81-81D440B59537}.Release|x64.Build.0 = Release|x64
		{CDA9462C-2E67-4AB4-8E81-81D440B59537}.Release|x86.ActiveCfg = Release|Win32
		{CDA9462C-2E67-4AB4-8E81-81D440B59537}.Release|x86.Build.0 = Release|Win32
		{7C7B3362-29B0-47BF-BB9C-488206EF70E0}.Debug|Any CPU.ActiveCfg = Debug|Any CPU
		{7C7B3362-29B0-47BF-BB9C-488206EF70E0}.Debug|Any CPU.Build.0 = Debug|Any CPU
		{7C7B3362-29B0-47BF-BB9C-488206EF70E0}.Debug|x64.ActiveCfg = Debug|Any CPU
		{7C7B3362-29B0-47BF-BB9C-488206EF70E0}.Debug|x64.Build.0 = Debug|Any CPU
		{7C7B3362-29B0-47BF-BB9C-488206EF70E0}.Debug|x86.ActiveCfg = Debug|Any CPU
		{7C7B3362-29B0-47BF-BB9C-488206EF70E0}.Debug|x86.Build.0 = Debug|Any CPU
		{7C7B3362-29B0-47BF-BB9C-488206EF70E0}.Release|Any CPU.ActiveCfg = Release|Any CPU
		{7C7B3362-29B0-47BF-BB9C-488206EF70E0}.Release|Any CPU.Build.0 = Release|Any CPU
		{7C7B3362-29B0-47BF-BB9C-488206EF70E0}.Release|x64.ActiveCfg = Release|Any CPU
		{7C7B3362-29B0-47BF-BB9C-488206EF70E0}.Release|x64.Build.0 = Release|Any CPU
		{7C7B3362-29B0-47BF-BB9C-488206EF70E0}.Release|x86.ActiveCfg = Release|Any CPU
		{7C7B3362-29B0-47BF-BB9C-488206EF70E0}.Release|x86.Build.0 = Release|Any CPU
	EndGlobalSection
	GlobalSection(SolutionProperties) = preSolution
		HideSolutionNode = FALSE
	EndGlobalSection
	GlobalSection(ExtensibilityGlobals) = postSolution
		SolutionGuid = {10B0C146-446F-479F-90D3-A59704DE89D2}
	EndGlobalSection
EndGlobal
